Microsoft Visual Studio Solution File, Format Version 12.00
# Visual Studio Version 17
VisualStudioVersion = 17.5.2.0
MinimumVisualStudioVersion = 10.0.40219.1
Project("{FAE04EC0-301F-11D3-BF4B-00C04F79EFBC}") = "Snake3", "Snake3.csproj", "{46A0A8D5-C638-8EC5-B575-FE8069D59127}"
EndProject
Global
	GlobalSection(SolutionConfigurationPlatforms) = preSolution
		Debug|Any CPU = Debug|Any CPU
		Release|Any CPU = Release|Any CPU
	EndGlobalSection
	GlobalSection(ProjectConfigurationPlatforms) = postSolution
		{46A0A8D5-C638-8EC5-B575-FE8069D59127}.Debug|Any CPU.ActiveCfg = Debug|Any CPU
		{46A0A8D5-C638-8EC5-B575-FE8069D59127}.Debug|Any CPU.Build.0 = Debug|Any CPU
		{46A0A8D5-C638-8EC5-B575-FE8069D59127}.Release|Any CPU.ActiveCfg = Release|Any CPU
		{46A0A8D5-C638-8EC5-B575-FE8069D59127}.Release|Any CPU.Build.0 = Release|Any CPU
	EndGlobalSection
	GlobalSection(SolutionProperties) = preSolution
		HideSolutionNode = FALSE
	EndGlobalSection
	GlobalSection(ExtensibilityGlobals) = postSolution
		SolutionGuid = {429E7097-5F49-4EE4-A386-A7B9ECACAAD1}
	EndGlobalSection
EndGlobal
